Microsoft Visual Studio Solution File, Format Version 12.00
# Visual Studio Version 17
VisualStudioVersion = 17.5.2.0
MinimumVisualStudioVersion = 10.0.40219.1
Project("{2150E333-8FDC-42A3-9474-1A3956D46DE8}") = "MyProject-API", "MyProject-API", "{B5276222-99CD-B34A-1091-9D9F6BF265BC}"
EndProject
Project("{FAE04EC0-301F-11D3-BF4B-00C04F79EFBC}") = "MyProjectAPI", "MyProject-API\MyProjectAPI\MyProjectAPI.csproj", "{A7279F1A-4D59-AB0A-2125-E432EEEAC012}"
EndProject
Global
	GlobalSection(SolutionConfigurationPlatforms) = preSolution
		Debug|Any CPU = Debug|Any CPU
		Release|Any CPU = Release|Any CPU
	EndGlobalSection
	GlobalSection(ProjectConfigurationPlatforms) = postSolution
		{A7279F1A-4D59-AB0A-2125-E432EEEAC012}.Debug|Any CPU.ActiveCfg = Debug|Any CPU
		{A7279F1A-4D59-AB0A-2125-E432EEEAC012}.Debug|Any CPU.Build.0 = Debug|Any CPU
		{A7279F1A-4D59-AB0A-2125-E432EEEAC012}.Release|Any CPU.ActiveCfg = Release|Any CPU
		{A7279F1A-4D59-AB0A-2125-E432EEEAC012}.Release|Any CPU.Build.0 = Release|Any CPU
	EndGlobalSection
	GlobalSection(SolutionProperties) = preSolution
		HideSolutionNode = FALSE
	EndGlobalSection
	GlobalSection(NestedProjects) = preSolution
		{A7279F1A-4D59-AB0A-2125-E432EEEAC012} = {B5276222-99CD-B34A-1091-9D9F6BF265BC}
	EndGlobalSection
	GlobalSection(ExtensibilityGlobals) = postSolution
		SolutionGuid = {6FE3BC0D-344B-4965-9ACC-1F8EB05A5C81}
	EndGlobalSection
EndGlobal
